
Microsoft Visual Studio Solution File, Format Version 12.00
# Visual Studio 14
VisualStudioVersion = 14.0.25420.1
MinimumVisualStudioVersion = 10.0.40219.1
Project("{FAE04EC0-301F-11D3-BF4B-00C04F79EFBC}") = "LH.Core", "LH.Core\LH.Core.csproj", "{00A8ACE8-DD54-401E-9EFB-945FAC0DAAE2}"
EndProject
Project("{FAE04EC0-301F-11D3-BF4B-00C04F79EFBC}") = "LH.Sample", "LH.Sample\LH.Sample.csproj", "{BD590DB9-3C02-40FA-BDFD-1EEE06420A45}"
EndProject
Global
	GlobalSection(SolutionConfigurationPlatforms) = preSolution
		Debug|Any CPU = Debug|Any CPU
		Release|Any CPU = Release|Any CPU
	EndGlobalSection
	GlobalSection(ProjectConfigurationPlatforms) = postSolution
		{00A8ACE8-DD54-401E-9EFB-945FAC0DAAE2}.Debug|Any CPU.ActiveCfg = Debug|Any CPU
		{00A8ACE8-DD54-401E-9EFB-945FAC0DAAE2}.Debug|Any CPU.Build.0 = Debug|Any CPU
		{00A8ACE8-DD54-401E-9EFB-945FAC0DAAE2}.Release|Any CPU.ActiveCfg = Release|Any CPU
		{00A8ACE8-DD54-401E-9EFB-945FAC0DAAE2}.Release|Any CPU.Build.0 = Release|Any CPU
		{BD590DB9-3C02-40FA-BDFD-1EEE06420A45}.Debug|Any CPU.ActiveCfg = Debug|Any CPU
		{BD590DB9-3C02-40FA-BDFD-1EEE06420A45}.Debug|Any CPU.Build.0 = Debug|Any CPU
		{BD590DB9-3C02-40FA-BDFD-1EEE06420A45}.Release|Any CPU.ActiveCfg = Release|Any CPU
		{BD590DB9-3C02-40FA-BDFD-1EEE06420A45}.Release|Any CPU.Build.0 = Release|Any CPU
	EndGlobalSection
	GlobalSection(SolutionProperties) = preSolution
		HideSolutionNode = FALSE
	EndGlobalSection
EndGlobal
